
Microsoft Visual Studio Solution File, Format Version 12.00
# Visual Studio Version 16
VisualStudioVersion = 16.0.30523.141
MinimumVisualStudioVersion = 10.0.40219.1
Project("{FAE04EC0-301F-11D3-BF4B-00C04F79EFBC}") = "Test GitHub", "Test GitHub.csproj", "{3F371854-2E4F-445E-8460-A2874FC27010}"
EndProject
Global
	GlobalSection(SolutionConfigurationPlatforms) = preSolution
		Debug|Any CPU = Debug|Any CPU
		Release|Any CPU = Release|Any CPU
	EndGlobalSection
	GlobalSection(ProjectConfigurationPlatforms) = postSolution
		{3F371854-2E4F-445E-8460-A2874FC27010}.Debug|Any CPU.ActiveCfg = Debug|Any CPU
		{3F371854-2E4F-445E-8460-A2874FC27010}.Debug|Any CPU.Build.0 = Debug|Any CPU
		{3F371854-2E4F-445E-8460-A2874FC27010}.Release|Any CPU.ActiveCfg = Release|Any CPU
		{3F371854-2E4F-445E-8460-A2874FC27010}.Release|Any CPU.Build.0 = Release|Any CPU
	EndGlobalSection
	GlobalSection(SolutionProperties) = preSolution
		HideSolutionNode = FALSE
	EndGlobalSection
	GlobalSection(ExtensibilityGlobals) = postSolution
		SolutionGuid = {79DC8FB2-3B34-4F00-AD5C-CEC39419A7A3}
	EndGlobalSection
EndGlobal
